
Microsoft Visual Studio Solution File, Format Version 12.00
# Visual Studio Version 17
VisualStudioVersion = 17.8.34330.188
MinimumVisualStudioVersion = 10.0.40219.1
Project("{FAE04EC0-301F-11D3-BF4B-00C04F79EFBC}") = "RealEstate_Dapper_Api", "RealEstate_Dapper_Api\RealEstate_Dapper_Api.csproj", "{ED9AC5A4-E21F-4FFC-86FD-BF4C44C58E60}"
EndProject
Project("{FAE04EC0-301F-11D3-BF4B-00C04F79EFBC}") = "RealEstate_Dapper_UI", "RealEstate_Dapper_UI\RealEstate_Dapper_UI.csproj", "{11680494-569C-4389-A27F-282AADF41AC8}"
EndProject
Global
	GlobalSection(SolutionConfigurationPlatforms) = preSolution
		Debug|Any CPU = Debug|Any CPU
		Release|Any CPU = Release|Any CPU
	EndGlobalSection
	GlobalSection(ProjectConfigurationPlatforms) = postSolution
		{ED9AC5A4-E21F-4FFC-86FD-BF4C44C58E60}.Debug|Any CPU.ActiveCfg = Debug|Any CPU
		{ED9AC5A4-E21F-4FFC-86FD-BF4C44C58E60}.Debug|Any CPU.Build.0 = Debug|Any CPU
		{ED9AC5A4-E21F-4FFC-86FD-BF4C44C58E60}.Release|Any CPU.ActiveCfg = Release|Any CPU
		{ED9AC5A4-E21F-4FFC-86FD-BF4C44C58E60}.Release|Any CPU.Build.0 = Release|Any CPU
		{11680494-569C-4389-A27F-282AADF41AC8}.Debug|Any CPU.ActiveCfg = Debug|Any CPU
		{11680494-569C-4389-A27F-282AADF41AC8}.Debug|Any CPU.Build.0 = Debug|Any CPU
		{11680494-569C-4389-A27F-282AADF41AC8}.Release|Any CPU.ActiveCfg = Release|Any CPU
		{11680494-569C-4389-A27F-282AADF41AC8}.Release|Any CPU.Build.0 = Release|Any CPU
	EndGlobalSection
	GlobalSection(SolutionProperties) = preSolution
		HideSolutionNode = FALSE
	EndGlobalSection
	GlobalSection(ExtensibilityGlobals) = postSolution
		SolutionGuid = {DAA5AF59-8BD6-434E-87BC-B50EC22B932D}
	EndGlobalSection
EndGlobal
